// !$*UTF8*$!
{
	archiveVersion = 1;
	classes = {
	};
	objectVersion = 56;
	objects = {

/* Begin PBXBuildFile section */
		7546E6302B1CDD4800229396 /* AppDelegate.swift in Sources */ = {isa = PBXBuildFile; fileRef = 7546E62F2B1CDD4800229396 /* AppDelegate.swift */; };
		7546E6322B1CDD4800229396 /* SceneDelegate.swift in Sources */ = {isa = PBXBuildFile; fileRef = 7546E6312B1CDD4800229396 /* SceneDelegate.swift */; };
		7546E6392B1CDD4900229396 /* Assets.xcassets in Resources */ = {isa = PBXBuildFile; fileRef = 7546E6382B1CDD4900229396 /* Assets.xcassets */; };
		7546E63C2B1CDD4900229396 /* LaunchScreen.storyboard in Resources */ = {isa = PBXBuildFile; fileRef = 7546E63A2B1CDD4900229396 /* LaunchScreen.storyboard */; };
		7561427A2B1CFFC100E24EF1 /* SecretNumberGameController.swift in Sources */ = {isa = PBXBuildFile; fileRef = 756142792B1CFFC100E24EF1 /* SecretNumberGameController.swift */; };
		7561427C2B1CFFCB00E24EF1 /* SecretNumberGameView.swift in Sources */ = {isa = PBXBuildFile; fileRef = 7561427B2B1CFFCB00E24EF1 /* SecretNumberGameView.swift */; };
		756142802B1D001900E24EF1 /* UIView+AddSubviews.swift in Sources */ = {isa = PBXBuildFile; fileRef = 7561427F2B1D001900E24EF1 /* UIView+AddSubviews.swift */; };
		756142832B1D0BB300E24EF1 /* SecretNumberGameDelegates.swift in Sources */ = {isa = PBXBuildFile; fileRef = 756142822B1D0BB300E24EF1 /* SecretNumberGameDelegates.swift */; };
		7595570F2B1CEA8400DA525D /* SnapKit in Frameworks */ = {isa = PBXBuildFile; productRef = 7595570E2B1CEA8400DA525D /* SnapKit */; };
		75D6EAC72B24B0DF0093A15E /* SecretNumberGameService.swift in Sources */ = {isa = PBXBuildFile; fileRef = 75D6EAC62B24B0DF0093A15E /* SecretNumberGameService.swift */; };
		75D6EAC92B24B0EB0093A15E /* SecretNumberGameServiceImpl.swift in Sources */ = {isa = PBXBuildFile; fileRef = 75D6EAC82B24B0EB0093A15E /* SecretNumberGameServiceImpl.swift */; };
		75D6EACC2B24D4B20093A15E /* RandomNumberGenerator.swift in Sources */ = {isa = PBXBuildFile; fileRef = 75D6EACB2B24D4B20093A15E /* RandomNumberGenerator.swift */; };
/* End PBXBuildFile section */

/* Begin PBXFileReference section */
		7546E62C2B1CDD4800229396 /* Right On Target.app */ = {isa = PBXFileReference; explicitFileType = wrapper.application; includeInIndex = 0; path = "Right On Target.app"; sourceTree = BUILT_PRODUCTS_DIR; };
		7546E62F2B1CDD4800229396 /* AppDelegate.swift */ = {isa = PBXFileReference; lastKnownFileType = sourcecode.swift; path = AppDelegate.swift; sourceTree = "<group>"; };
		7546E6312B1CDD4800229396 /* SceneDelegate.swift */ = {isa = PBXFileReference; lastKnownFileType = sourcecode.swift; path = SceneDelegate.swift; sourceTree = "<group>"; };
		7546E6382B1CDD4900229396 /* Assets.xcassets */ = {isa = PBXFileReference; lastKnownFileType = folder.assetcatalog; path = Assets.xcassets; sourceTree = "<group>"; };
		7546E63B2B1CDD4900229396 /* Base */ = {isa = PBXFileReference; lastKnownFileType = file.storyboard; name = Base; path = Base.lproj/LaunchScreen.storyboard; sourceTree = "<group>"; };
		7546E63D2B1CDD4900229396 /* Info.plist */ = {isa = PBXFileReference; lastKnownFileType = text.plist.xml; path = Info.plist; sourceTree = "<group>"; };
		756142792B1CFFC100E24EF1 /* SecretNumberGameController.swift */ = {isa = PBXFileReference; lastKnownFileType = sourcecode.swift; path = SecretNumberGameController.swift; sourceTree = "<group>"; };
		7561427B2B1CFFCB00E24EF1 /* SecretNumberGameView.swift */ = {isa = PBXFileReference; lastKnownFileType = sourcecode.swift; path = SecretNumberGameView.swift; sourceTree = "<group>"; };
		7561427F2B1D001900E24EF1 /* UIView+AddSubviews.swift */ = {isa = PBXFileReference; lastKnownFileType = sourcecode.swift; path = "UIView+AddSubviews.swift"; sourceTree = "<group>"; };
		756142822B1D0BB300E24EF1 /* SecretNumberGameDelegates.swift */ = {isa = PBXFileReference; lastKnownFileType = sourcecode.swift; path = SecretNumberGameDelegates.swift; sourceTree = "<group>"; };
		75D6EAC62B24B0DF0093A15E /* SecretNumberGameService.swift */ = {isa = PBXFileReference; lastKnownFileType = sourcecode.swift; path = SecretNumberGameService.swift; sourceTree = "<group>"; };
		75D6EAC82B24B0EB0093A15E /* SecretNumberGameServiceImpl.swift */ = {isa = PBXFileReference; lastKnownFileType = sourcecode.swift; path = SecretNumberGameServiceImpl.swift; sourceTree = "<group>"; };
		75D6EACB2B24D4B20093A15E /* RandomNumberGenerator.swift */ = {isa = PBXFileReference; lastKnownFileType = sourcecode.swift; path = RandomNumberGenerator.swift; sourceTree = "<group>"; };
/* End PBXFileReference section */

/* Begin PBXFrameworksBuildPhase section */
		7546E6292B1CDD4800229396 /* Frameworks */ = {
			isa = PBXFrameworksBuildPhase;
			buildActionMask = 2147483647;
			files = (
				7595570F2B1CEA8400DA525D /* SnapKit in Frameworks */,
			);
			runOnlyForDeploymentPostprocessing = 0;
		};
/* End PBXFrameworksBuildPhase section */

/* Begin PBXGroup section */
		7546E6232B1CDD4800229396 = {
			isa = PBXGroup;
			children = (
				7546E62E2B1CDD4800229396 /* Right On Target */,
				7546E62D2B1CDD4800229396 /* Products */,
			);
			sourceTree = "<group>";
		};
		7546E62D2B1CDD4800229396 /* Products */ = {
			isa = PBXGroup;
			children = (
				7546E62C2B1CDD4800229396 /* Right On Target.app */,
			);
			name = Products;
			sourceTree = "<group>";
		};
		7546E62E2B1CDD4800229396 /* Right On Target */ = {
			isa = PBXGroup;
			children = (
				7595570C2B1CE49300DA525D /* Application */,
				756142772B1CFE2D00E24EF1 /* PresentationFlow */,
				75D6EAC02B24AFA60093A15E /* BusinessLogicFlow */,
				7561427E2B1CFFEA00E24EF1 /* DevHelpers */,
			);
			path = "Right On Target";
			sourceTree = "<group>";
		};
		756142772B1CFE2D00E24EF1 /* PresentationFlow */ = {
			isa = PBXGroup;
			children = (
				756142782B1CFE5000E24EF1 /* SecretNumberGame */,
			);
			path = PresentationFlow;
			sourceTree = "<group>";
		};
		756142782B1CFE5000E24EF1 /* SecretNumberGame */ = {
			isa = PBXGroup;
			children = (
				756142822B1D0BB300E24EF1 /* SecretNumberGameDelegates.swift */,
				7561427D2B1CFFCF00E24EF1 /* View */,
			);
			path = SecretNumberGame;
			sourceTree = "<group>";
		};
		7561427D2B1CFFCF00E24EF1 /* View */ = {
			isa = PBXGroup;
			children = (
				756142792B1CFFC100E24EF1 /* SecretNumberGameController.swift */,
				7561427B2B1CFFCB00E24EF1 /* SecretNumberGameView.swift */,
			);
			path = View;
			sourceTree = "<group>";
		};
		7561427E2B1CFFEA00E24EF1 /* DevHelpers */ = {
			isa = PBXGroup;
			children = (
				7561427F2B1D001900E24EF1 /* UIView+AddSubviews.swift */,
			);
			path = DevHelpers;
			sourceTree = "<group>";
		};
		7595570C2B1CE49300DA525D /* Application */ = {
			isa = PBXGroup;
			children = (
				7546E62F2B1CDD4800229396 /* AppDelegate.swift */,
				7546E6312B1CDD4800229396 /* SceneDelegate.swift */,
				7546E6382B1CDD4900229396 /* Assets.xcassets */,
				7546E63A2B1CDD4900229396 /* LaunchScreen.storyboard */,
				7546E63D2B1CDD4900229396 /* Info.plist */,
			);
			path = Application;
			sourceTree = "<group>";
		};
		75D6EAC02B24AFA60093A15E /* BusinessLogicFlow */ = {
			isa = PBXGroup;
			children = (
				75D6EAC42B24B0710093A15E /* Services */,
				75D6EACA2B24D4770093A15E /* RandomNumberGenerator */,
			);
			path = BusinessLogicFlow;
			sourceTree = "<group>";
		};
		75D6EAC42B24B0710093A15E /* Services */ = {
			isa = PBXGroup;
			children = (
				75D6EAC52B24B07A0093A15E /* SecretNumberGameService */,
			);
			path = Services;
			sourceTree = "<group>";
		};
		75D6EAC52B24B07A0093A15E /* SecretNumberGameService */ = {
			isa = PBXGroup;
			children = (
				75D6EAC62B24B0DF0093A15E /* SecretNumberGameService.swift */,
				75D6EAC82B24B0EB0093A15E /* SecretNumberGameServiceImpl.swift */,
			);
			path = SecretNumberGameService;
			sourceTree = "<group>";
		};
		75D6EACA2B24D4770093A15E /* RandomNumberGenerator */ = {
			isa = PBXGroup;
			children = (
				75D6EACB2B24D4B20093A15E /* RandomNumberGenerator.swift */,
			);
			path = RandomNumberGenerator;
			sourceTree = "<group>";
		};
/* End PBXGroup section */

/* Begin PBXNativeTarget section */
		7546E62B2B1CDD4800229396 /* Right On Target */ = {
			isa = PBXNativeTarget;
			buildConfigurationList = 7546E6402B1CDD4900229396 /* Build configuration list for PBXNativeTarget "Right On Target" */;
			buildPhases = (
				7546E6282B1CDD4800229396 /* Sources */,
				7546E6292B1CDD4800229396 /* Frameworks */,
				7546E62A2B1CDD4800229396 /* Resources */,
			);
			buildRules = (
			);
			dependencies = (
			);
			name = "Right On Target";
			packageProductDependencies = (
				7595570E2B1CEA8400DA525D /* SnapKit */,
			);
			productName = "Right On Target";
			productReference = 7546E62C2B1CDD4800229396 /* Right On Target.app */;
			productType = "com.apple.product-type.application";
		};
/* End PBXNativeTarget section */

/* Begin PBXProject section */
		7546E6242B1CDD4800229396 /* Project object */ = {
			isa = PBXProject;
			attributes = {
				BuildIndependentTargetsInParallel = 1;
				LastSwiftUpdateCheck = 1500;
				LastUpgradeCheck = 1500;
				TargetAttributes = {
					7546E62B2B1CDD4800229396 = {
						CreatedOnToolsVersion = 15.0.1;
					};
				};
			};
			buildConfigurationList = 7546E6272B1CDD4800229396 /* Build configuration list for PBXProject "Right On Target" */;
			compatibilityVersion = "Xcode 14.0";
			developmentRegion = en;
			hasScannedForEncodings = 0;
			knownRegions = (
				en,
				Base,
			);
			mainGroup = 7546E6232B1CDD4800229396;
			packageReferences = (
				7595570D2B1CEA8400DA525D /* XCRemoteSwiftPackageReference "SnapKit" */,
			);
			productRefGroup = 7546E62D2B1CDD4800229396 /* Products */;
			projectDirPath = "";
			projectRoot = "";
			targets = (
				7546E62B2B1CDD4800229396 /* Right On Target */,
			);
		};
/* End PBXProject section */

/* Begin PBXResourcesBuildPhase section */
		7546E62A2B1CDD4800229396 /* Resources */ = {
			isa = PBXResourcesBuildPhase;
			buildActionMask = 2147483647;
			files = (
				7546E63C2B1CDD4900229396 /* LaunchScreen.storyboard in Resources */,
				7546E6392B1CDD4900229396 /* Assets.xcassets in Resources */,
			);
			runOnlyForDeploymentPostprocessing = 0;
		};
/* End PBXResourcesBuildPhase section */

/* Begin PBXSourcesBuildPhase section */
		7546E6282B1CDD4800229396 /* Sources */ = {
			isa = PBXSourcesBuildPhase;
			buildActionMask = 2147483647;
			files = (
				756142832B1D0BB300E24EF1 /* SecretNumberGameDelegates.swift in Sources */,
				7546E6302B1CDD4800229396 /* AppDelegate.swift in Sources */,
				756142802B1D001900E24EF1 /* UIView+AddSubviews.swift in Sources */,
				7561427A2B1CFFC100E24EF1 /* SecretNumberGameController.swift in Sources */,
				7561427C2B1CFFCB00E24EF1 /* SecretNumberGameView.swift in Sources */,
				7546E6322B1CDD4800229396 /* SceneDelegate.swift in Sources */,
				75D6EACC2B24D4B20093A15E /* RandomNumberGenerator.swift in Sources */,
				75D6EAC72B24B0DF0093A15E /* SecretNumberGameService.swift in Sources */,
				75D6EAC92B24B0EB0093A15E /* SecretNumberGameServiceImpl.swift in Sources */,
			);
			runOnlyForDeploymentPostprocessing = 0;
		};
/* End PBXSourcesBuildPhase section */

/* Begin PBXVariantGroup section */
		7546E63A2B1CDD4900229396 /* LaunchScreen.storyboard */ = {
			isa = PBXVariantGroup;
			children = (
				7546E63B2B1CDD4900229396 /* Base */,
			);
			name = LaunchScreen.storyboard;
			sourceTree = "<group>";
		};
/* End PBXVariantGroup section */

/* Begin XCBuildConfiguration section */
		7546E63E2B1CDD4900229396 /* Debug */ = {
			isa = XCBuildConfiguration;
			buildSettings = {
				ALWAYS_SEARCH_USER_PATHS = NO;
				ASSETCATALOG_COMPILER_GENERATE_SWIFT_ASSET_SYMBOL_EXTENSIONS = YES;
				CLANG_ANALYZER_NONNULL = YES;
				CLANG_ANALYZER_NUMBER_OBJECT_CONVERSION = YES_AGGRESSIVE;
				CLANG_CXX_LANGUAGE_STANDARD = "gnu++20";
				CLANG_ENABLE_MODULES = YES;
				CLANG_ENABLE_OBJC_ARC = YES;
				CLANG_ENABLE_OBJC_WEAK = YES;
				CLANG_WARN_BLOCK_CAPTURE_AUTORELEASING = YES;
				CLANG_WARN_BOOL_CONVERSION = YES;
				CLANG_WARN_COMMA = YES;
				CLANG_WARN_CONSTANT_CONVERSION = YES;
				CLANG_WARN_DEPRECATED_OBJC_IMPLEMENTATIONS = YES;
				CLANG_WARN_DIRECT_OBJC_ISA_USAGE = YES_ERROR;
				CLANG_WARN_DOCUMENTATION_COMMENTS = YES;
				CLANG_WARN_EMPTY_BODY = YES;
				CLANG_WARN_ENUM_CONVERSION = YES;
				CLANG_WARN_INFINITE_RECURSION = YES;
				CLANG_WARN_INT_CONVERSION = YES;
				CLANG_WARN_NON_LITERAL_NULL_CONVERSION = YES;
				CLANG_WARN_OBJC_IMPLICIT_RETAIN_SELF = YES;
				CLANG_WARN_OBJC_LITERAL_CONVERSION = YES;
				CLANG_WARN_OBJC_ROOT_CLASS = YES_ERROR;
				CLANG_WARN_QUOTED_INCLUDE_IN_FRAMEWORK_HEADER = YES;
				CLANG_WARN_RANGE_LOOP_ANALYSIS = YES;
				CLANG_WARN_STRICT_PROTOTYPES = YES;
				CLANG_WARN_SUSPICIOUS_MOVE = YES;
				CLANG_WARN_UNGUARDED_AVAILABILITY = YES_AGGRESSIVE;
				CLANG_WARN_UNREACHABLE_CODE = YES;
				CLANG_WARN__DUPLICATE_METHOD_MATCH = YES;
				COPY_PHASE_STRIP = NO;
				DEBUG_INFORMATION_FORMAT = dwarf;
				ENABLE_STRICT_OBJC_MSGSEND = YES;
				ENABLE_TESTABILITY = YES;
				ENABLE_USER_SCRIPT_SANDBOXING = YES;
				GCC_C_LANGUAGE_STANDARD = gnu17;
				GCC_DYNAMIC_NO_PIC = NO;
				GCC_NO_COMMON_BLOCKS = YES;
				GCC_OPTIMIZATION_LEVEL = 0;
				GCC_PREPROCESSOR_DEFINITIONS = (
					"DEBUG=1",
					"$(inherited)",
				);
				GCC_WARN_64_TO_32_BIT_CONVERSION = YES;
				GCC_WARN_ABOUT_RETURN_TYPE = YES_ERROR;
				GCC_WARN_UNDECLARED_SELECTOR = YES;
				GCC_WARN_UNINITIALIZED_AUTOS = YES_AGGRESSIVE;
				GCC_WARN_UNUSED_FUNCTION = YES;
				GCC_WARN_UNUSED_VARIABLE = YES;
				IPHONEOS_DEPLOYMENT_TARGET = 15.0;
				LOCALIZATION_PREFERS_STRING_CATALOGS = YES;
				MTL_ENABLE_DEBUG_INFO = INCLUDE_SOURCE;
				MTL_FAST_MATH = YES;
				ONLY_ACTIVE_ARCH = YES;
				SDKROOT = iphoneos;
				SWIFT_ACTIVE_COMPILATION_CONDITIONS = "DEBUG $(inherited)";
				SWIFT_OPTIMIZATION_LEVEL = "-Onone";
			};
			name = Debug;
		};
		7546E63F2B1CDD4900229396 /* Release */ = {
			isa = XCBuildConfiguration;
			buildSettings = {
				ALWAYS_SEARCH_USER_PATHS = NO;
				ASSETCATALOG_COMPILER_GENERATE_SWIFT_ASSET_SYMBOL_EXTENSIONS = YES;
				CLANG_ANALYZER_NONNULL = YES;
				CLANG_ANALYZER_NUMBER_OBJECT_CONVERSION = YES_AGGRESSIVE;
				CLANG_CXX_LANGUAGE_STANDARD = "gnu++20";
				CLANG_ENABLE_MODULES = YES;
				CLANG_ENABLE_OBJC_ARC = YES;
				CLANG_ENABLE_OBJC_WEAK = YES;
				CLANG_WARN_BLOCK_CAPTURE_AUTORELEASING = YES;
				CLANG_WARN_BOOL_CONVERSION = YES;
				CLANG_WARN_COMMA = YES;
				CLANG_WARN_CONSTANT_CONVERSION = YES;
				CLANG_WARN_DEPRECATED_OBJC_IMPLEMENTATIONS = YES;
				CLANG_WARN_DIRECT_OBJC_ISA_USAGE = YES_ERROR;
				CLANG_WARN_DOCUMENTATION_COMMENTS = YES;
				CLANG_WARN_EMPTY_BODY = YES;
				CLANG_WARN_ENUM_CONVERSION = YES;
				CLANG_WARN_INFINITE_RECURSION = YES;
				CLANG_WARN_INT_CONVERSION = YES;
				CLANG_WARN_NON_LITERAL_NULL_CONVERSION = YES;
				CLANG_WARN_OBJC_IMPLICIT_RETAIN_SELF = YES;
				CLANG_WARN_OBJC_LITERAL_CONVERSION = YES;
				CLANG_WARN_OBJC_ROOT_CLASS = YES_ERROR;
				CLANG_WARN_QUOTED_INCLUDE_IN_FRAMEWORK_HEADER = YES;
				CLANG_WARN_RANGE_LOOP_ANALYSIS = YES;
				CLANG_WARN_STRICT_PROTOTYPES = YES;
				CLANG_WARN_SUSPICIOUS_MOVE = YES;
				CLANG_WARN_UNGUARDED_AVAILABILITY = YES_AGGRESSIVE;
				CLANG_WARN_UNREACHABLE_CODE = YES;
				CLANG_WARN__DUPLICATE_METHOD_MATCH = YES;
				COPY_PHASE_STRIP = NO;
				DEBUG_INFORMATION_FORMAT = "dwarf-with-dsym";
				ENABLE_NS_ASSERTIONS = NO;
				ENABLE_STRICT_OBJC_MSGSEND = YES;
				ENABLE_USER_SCRIPT_SANDBOXING = YES;
				GCC_C_LANGUAGE_STANDARD = gnu17;
				GCC_NO_COMMON_BLOCKS = YES;
				GCC_WARN_64_TO_32_BIT_CONVERSION = YES;
				GCC_WARN_ABOUT_RETURN_TYPE = YES_ERROR;
				GCC_WARN_UNDECLARED_SELECTOR = YES;
				GCC_WARN_UNINITIALIZED_AUTOS = YES_AGGRESSIVE;
				GCC_WARN_UNUSED_FUNCTION = YES;
				GCC_WARN_UNUSED_VARIABLE = YES;
				IPHONEOS_DEPLOYMENT_TARGET = 15.0;
				LOCALIZATION_PREFERS_STRING_CATALOGS = YES;
				MTL_ENABLE_DEBUG_INFO = NO;
				MTL_FAST_MATH = YES;
				SDKROOT = iphoneos;
				SWIFT_COMPILATION_MODE = wholemodule;
				VALIDATE_PRODUCT = YES;
			};
			name = Release;
		};
		7546E6412B1CDD4900229396 /* Debug */ = {
			isa = XCBuildConfiguration;
			buildSettings = {
				ASSETCATALOG_COMPILER_APPICON_NAME = AppIcon;
				ASSETCATALOG_COMPILER_GLOBAL_ACCENT_COLOR_NAME = AccentColor;
				ASSETCATALOG_COMPILER_INCLUDE_ALL_APPICON_ASSETS = YES;
				CODE_SIGN_STYLE = Automatic;
				CURRENT_PROJECT_VERSION = 1;
				DEVELOPMENT_TEAM = 7FBKGHVJBQ;
				GENERATE_INFOPLIST_FILE = YES;
				INFOPLIST_FILE = "Right On Target/Application/Info.plist";
				INFOPLIST_KEY_CFBundleDisplayName = "Right On Target";
				INFOPLIST_KEY_LSApplicationCategoryType = "public.app-category.games";
				INFOPLIST_KEY_UIApplicationSupportsIndirectInputEvents = YES;
				INFOPLIST_KEY_UILaunchStoryboardName = LaunchScreen.storyboard;
				INFOPLIST_KEY_UISupportedInterfaceOrientations = "UIInterfaceOrientationLandscapeLeft UIInterfaceOrientationLandscapeRight UIInterfaceOrientationPortrait";
				INFOPLIST_KEY_UISupportedInterfaceOrientations_iPad = "UIInterfaceOrientationLandscapeLeft UIInterfaceOrientationLandscapeRight UIInterfaceOrientationPortrait UIInterfaceOrientationPortraitUpsideDown";
				LD_RUNPATH_SEARCH_PATHS = (
					"$(inherited)",
					"@executable_path/Frameworks",
				);
				MARKETING_VERSION = 1.2.0;
				PRODUCT_BUNDLE_IDENTIFIER = "com.arthurraff.Right-On-Target";
				PRODUCT_NAME = "$(TARGET_NAME)";
				SWIFT_EMIT_LOC_STRINGS = YES;
				SWIFT_VERSION = 5.0;
				TARGETED_DEVICE_FAMILY = "1,2";
			};
			name = Debug;
		};
		7546E6422B1CDD4900229396 /* Release */ = {
			isa = XCBuildConfiguration;
			buildSettings = {
				ASSETCATALOG_COMPILER_APPICON_NAME = AppIcon;
				ASSETCATALOG_COMPILER_GLOBAL_ACCENT_COLOR_NAME = AccentColor;
				ASSETCATALOG_COMPILER_INCLUDE_ALL_APPICON_ASSETS = YES;
				CODE_SIGN_STYLE = Automatic;
				CURRENT_PROJECT_VERSION = 1;
				DEVELOPMENT_TEAM = 7FBKGHVJBQ;
				GENERATE_INFOPLIST_FILE = YES;
				INFOPLIST_FILE = "Right On Target/Application/Info.plist";
				INFOPLIST_KEY_CFBundleDisplayName = "Right On Target";
				INFOPLIST_KEY_LSApplicationCategoryType = "public.app-category.games";
				INFOPLIST_KEY_UIApplicationSupportsIndirectInputEvents = YES;
				INFOPLIST_KEY_UILaunchStoryboardName = LaunchScreen.storyboard;
				INFOPLIST_KEY_UISupportedInterfaceOrientations = "UIInterfaceOrientationLandscapeLeft UIInterfaceOrientationLandscapeRight UIInterfaceOrientationPortrait";
				INFOPLIST_KEY_UISupportedInterfaceOrientations_iPad = "UIInterfaceOrientationLandscapeLeft UIInterfaceOrientationLandscapeRight UIInterfaceOrientationPortrait UIInterfaceOrientationPortraitUpsideDown";
				LD_RUNPATH_SEARCH_PATHS = (
					"$(inherited)",
					"@executable_path/Frameworks",
				);
				MARKETING_VERSION = 1.2.0;
				PRODUCT_BUNDLE_IDENTIFIER = "com.arthurraff.Right-On-Target";
				PRODUCT_NAME = "$(TARGET_NAME)";
				SWIFT_EMIT_LOC_STRINGS = YES;
				SWIFT_VERSION = 5.0;
				TARGETED_DEVICE_FAMILY = "1,2";
			};
			name = Release;
		};
/* End XCBuildConfiguration section */

/* Begin XCConfigurationList section */
		7546E6272B1CDD4800229396 /* Build configuration list for PBXProject "Right On Target" */ = {
			isa = XCConfigurationList;
			buildConfigurations = (
				7546E63E2B1CDD4900229396 /* Debug */,
				7546E63F2B1CDD4900229396 /* Release */,
			);
			defaultConfigurationIsVisible = 0;
			defaultConfigurationName = Release;
		};
		7546E6402B1CDD4900229396 /* Build configuration list for PBXNativeTarget "Right On Target" */ = {
			isa = XCConfigurationList;
			buildConfigurations = (
				7546E6412B1CDD4900229396 /* Debug */,
				7546E6422B1CDD4900229396 /* Release */,
			);
			defaultConfigurationIsVisible = 0;
			defaultConfigurationName = Release;
		};
/* End XCConfigurationList section */

/* Begin XCRemoteSwiftPackageReference section */
		7595570D2B1CEA8400DA525D /* XCRemoteSwiftPackageReference "SnapKit" */ = {
			isa = XCRemoteSwiftPackageReference;
			repositoryURL = "https://github.com/SnapKit/SnapKit.git";
			requirement = {
				kind = upToNextMajorVersion;
				minimumVersion = 5.6.0;
			};
		};
/* End XCRemoteSwiftPackageReference section */

/* Begin XCSwiftPackageProductDependency section */
		7595570E2B1CEA8400DA525D /* SnapKit */ = {
			isa = XCSwiftPackageProductDependency;
			package = 7595570D2B1CEA8400DA525D /* XCRemoteSwiftPackageReference "SnapKit" */;
			productName = SnapKit;
		};
/* End XCSwiftPackageProductDependency section */
	};
	rootObject = 7546E6242B1CDD4800229396 /* Project object */;
}
